// !$*UTF8*$!
{
	archiveVersion = 1;
	classes = {
	};
	objectVersion = 46;
	objects = {

/* Begin PBXBuildFile section */
		703A7B47198F290D00E6ACFD /* Model.xcdatamodeld in Sources */ = {isa = PBXBuildFile; fileRef = 703A7B45198F290D00E6ACFD /* Model.xcdatamodeld */; };
		70449FC51980FC1800587F9D /* YDCImageDowload.m in Sources */ = {isa = PBXBuildFile; fileRef = 70449FC41980FC1800587F9D /* YDCImageDowload.m */; };
		704C57801989DC1A003EA19B /* QuickLook.framework in Frameworks */ = {isa = PBXBuildFile; fileRef = 704C577F1989DC1A003EA19B /* QuickLook.framework */; };
		704F7CC2197FA89C00CEFE37 /* Foundation.framework in Frameworks */ = {isa = PBXBuildFile; fileRef = 704F7CC1197FA89C00CEFE37 /* Foundation.framework */; };
		704F7CC4197FA89C00CEFE37 /* CoreGraphics.framework in Frameworks */ = {isa = PBXBuildFile; fileRef = 704F7CC3197FA89C00CEFE37 /* CoreGraphics.framework */; };
		704F7CC6197FA89C00CEFE37 /* UIKit.framework in Frameworks */ = {isa = PBXBuildFile; fileRef = 704F7CC5197FA89C00CEFE37 /* UIKit.framework */; };
		704F7CCC197FA89C00CEFE37 /* InfoPlist.strings in Resources */ = {isa = PBXBuildFile; fileRef = 704F7CCA197FA89C00CEFE37 /* InfoPlist.strings */; };
		704F7CCE197FA89C00CEFE37 /* main.m in Sources */ = {isa = PBXBuildFile; fileRef = 704F7CCD197FA89C00CEFE37 /* main.m */; };
		704F7CD2197FA89C00CEFE37 /* AppDelegate.m in Sources */ = {isa = PBXBuildFile; fileRef = 704F7CD1197FA89C00CEFE37 /* AppDelegate.m */; };
		704F7CD4197FA89C00CEFE37 /* Images.xcassets in Resources */ = {isa = PBXBuildFile; fileRef = 704F7CD3197FA89C00CEFE37 /* Images.xcassets */; };
		704F7CDB197FA89C00CEFE37 /* XCTest.framework in Frameworks */ = {isa = PBXBuildFile; fileRef = 704F7CDA197FA89C00CEFE37 /* XCTest.framework */; };
		704F7CDC197FA89C00CEFE37 /* Foundation.framework in Frameworks */ = {isa = PBXBuildFile; fileRef = 704F7CC1197FA89C00CEFE37 /* Foundation.framework */; };
		704F7CDD197FA89C00CEFE37 /* UIKit.framework in Frameworks */ = {isa = PBXBuildFile; fileRef = 704F7CC5197FA89C00CEFE37 /* UIKit.framework */; };
		704F7CE5197FA89C00CEFE37 /* InfoPlist.strings in Resources */ = {isa = PBXBuildFile; fileRef = 704F7CE3197FA89C00CEFE37 /* InfoPlist.strings */; };
		704F7CE7197FA89C00CEFE37 /* YangdcDemosTests.m in Sources */ = {isa = PBXBuildFile; fileRef = 704F7CE6197FA89C00CEFE37 /* YangdcDemosTests.m */; };
		704F7CF1197FA8B600CEFE37 /* libz.dylib in Frameworks */ = {isa = PBXBuildFile; fileRef = 704F7CF0197FA8B600CEFE37 /* libz.dylib */; };
		704F7CF3197FA8BB00CEFE37 /* AVFoundation.framework in Frameworks */ = {isa = PBXBuildFile; fileRef = 704F7CF2197FA8BB00CEFE37 /* AVFoundation.framework */; };
		704F7D3F197FA97700CEFE37 /* AESCrypt.m in Sources */ = {isa = PBXBuildFile; fileRef = 704F7CF8197FA97700CEFE37 /* AESCrypt.m */; };
		704F7D40197FA97700CEFE37 /* NSData+Base64.m in Sources */ = {isa = PBXBuildFile; fileRef = 704F7CFA197FA97700CEFE37 /* NSData+Base64.m */; };
		704F7D41197FA97700CEFE37 /* NSData+CommonCrypto.m in Sources */ = {isa = PBXBuildFile; fileRef = 704F7CFC197FA97700CEFE37 /* NSData+CommonCrypto.m */; };
		704F7D42197FA97700CEFE37 /* NSString+Base64.m in Sources */ = {isa = PBXBuildFile; fileRef = 704F7CFE197FA97700CEFE37 /* NSString+Base64.m */; };
		704F7D43197FA97700CEFE37 /* Appirater.m in Sources */ = {isa = PBXBuildFile; fileRef = 704F7D01197FA97700CEFE37 /* Appirater.m */; };
		704F7D44197FA97700CEFE37 /* NSData+ImageContentType.m in Sources */ = {isa = PBXBuildFile; fileRef = 704F7D05197FA97700CEFE37 /* NSData+ImageContentType.m */; };
		704F7D45197FA97700CEFE37 /* UIImage+GIF.m in Sources */ = {isa = PBXBuildFile; fileRef = 704F7D07197FA97700CEFE37 /* UIImage+GIF.m */; };
		704F7D46197FA97700CEFE37 /* UIImage+MultiFormat.m in Sources */ = {isa = PBXBuildFile; fileRef = 704F7D09197FA97700CEFE37 /* UIImage+MultiFormat.m */; };
		704F7D47197FA97700CEFE37 /* ImageDownloader.m in Sources */ = {isa = PBXBuildFile; fileRef = 704F7D0C197FA97700CEFE37 /* ImageDownloader.m */; };
		704F7D48197FA97700CEFE37 /* ImageNSOperationViewController.m in Sources */ = {isa = PBXBuildFile; fileRef = 704F7D0E197FA97700CEFE37 /* ImageNSOperationViewController.m */; };
		704F7D49197FA97700CEFE37 /* ImageNSOperationViewController.xib in Resources */ = {isa = PBXBuildFile; fileRef = 704F7D0F197FA97700CEFE37 /* ImageNSOperationViewController.xib */; };
		704F7D4A197FA97700CEFE37 /* SDImageCache.m in Sources */ = {isa = PBXBuildFile; fileRef = 704F7D12197FA97700CEFE37 /* SDImageCache.m */; };
		704F7D4B197FA97700CEFE37 /* SDWebImageCompat.m in Sources */ = {isa = PBXBuildFile; fileRef = 704F7D14197FA97700CEFE37 /* SDWebImageCompat.m */; };
		704F7D4C197FA97700CEFE37 /* SDWebImageDecoder.m in Sources */ = {isa = PBXBuildFile; fileRef = 704F7D16197FA97700CEFE37 /* SDWebImageDecoder.m */; };
		704F7D4D197FA97700CEFE37 /* SDWebImageDownloader.m in Sources */ = {isa = PBXBuildFile; fileRef = 704F7D18197FA97700CEFE37 /* SDWebImageDownloader.m */; };
		704F7D4E197FA97700CEFE37 /* SDWebImageDownloaderOperation.m in Sources */ = {isa = PBXBuildFile; fileRef = 704F7D1A197FA97700CEFE37 /* SDWebImageDownloaderOperation.m */; };
		704F7D4F197FA97700CEFE37 /* SDWebImageManager.m in Sources */ = {isa = PBXBuildFile; fileRef = 704F7D1C197FA97700CEFE37 /* SDWebImageManager.m */; };
		704F7D50197FA97700CEFE37 /* THProgressView.m in Sources */ = {isa = PBXBuildFile; fileRef = 704F7D20197FA97700CEFE37 /* THProgressView.m */; };
		704F7D51197FA97700CEFE37 /* UIImageView+LK.m in Sources */ = {isa = PBXBuildFile; fileRef = 704F7D22197FA97700CEFE37 /* UIImageView+LK.m */; };
		704F7D52197FA97700CEFE37 /* UIImageView+WebCache.m in Sources */ = {isa = PBXBuildFile; fileRef = 704F7D24197FA97700CEFE37 /* UIImageView+WebCache.m */; };
		704F7D53197FA97700CEFE37 /* remind_noimage.png in Resources */ = {isa = PBXBuildFile; fileRef = 704F7D26197FA97700CEFE37 /* remind_noimage.png */; };
		704F7D54197FA97700CEFE37 /* remind_noimage@2x.png in Resources */ = {isa = PBXBuildFile; fileRef = 704F7D27197FA97700CEFE37 /* remind_noimage@2x.png */; };
		704F7D55197FA97700CEFE37 /* SDWebImageController.m in Sources */ = {isa = PBXBuildFile; fileRef = 704F7D29197FA97700CEFE37 /* SDWebImageController.m */; };
		704F7D56197FA97700CEFE37 /* SDWebImageController_iphone.xib in Resources */ = {isa = PBXBuildFile; fileRef = 704F7D2A197FA97700CEFE37 /* SDWebImageController_iphone.xib */; };
		704F7D57197FA97700CEFE37 /* SVProgressHUD.bundle in Resources */ = {isa = PBXBuildFile; fileRef = 704F7D2C197FA97700CEFE37 /* SVProgressHUD.bundle */; };
		704F7D58197FA97700CEFE37 /* SVProgressHUD.m in Sources */ = {isa = PBXBuildFile; fileRef = 704F7D2E197FA97700CEFE37 /* SVProgressHUD.m */; };
		704F7D59197FA97700CEFE37 /* SVProgressHUDViewController.m in Sources */ = {isa = PBXBuildFile; fileRef = 704F7D30197FA97700CEFE37 /* SVProgressHUDViewController.m */; };
		704F7D5A197FA97700CEFE37 /* SVProgressHUDViewController.xib in Resources */ = {isa = PBXBuildFile; fileRef = 704F7D31197FA97700CEFE37 /* SVProgressHUDViewController.xib */; };
		704F7D5B197FA97700CEFE37 /* ioapi.c in Sources */ = {isa = PBXBuildFile; fileRef = 704F7D35197FA97700CEFE37 /* ioapi.c */; };
		704F7D5C197FA97700CEFE37 /* mztools.c in Sources */ = {isa = PBXBuildFile; fileRef = 704F7D37197FA97700CEFE37 /* mztools.c */; };
		704F7D5D197FA97700CEFE37 /* unzip.c in Sources */ = {isa = PBXBuildFile; fileRef = 704F7D39197FA97700CEFE37 /* unzip.c */; };
		704F7D5E197FA97700CEFE37 /* zip.c in Sources */ = {isa = PBXBuildFile; fileRef = 704F7D3B197FA97700CEFE37 /* zip.c */; };
		704F7D5F197FA97700CEFE37 /* Tool.m in Sources */ = {isa = PBXBuildFile; fileRef = 704F7D3E197FA97700CEFE37 /* Tool.m */; };
		704F7D63197FB84900CEFE37 /* KMP.m in Sources */ = {isa = PBXBuildFile; fileRef = 704F7D62197FB84900CEFE37 /* KMP.m */; };
		7051489F19876C15007682F2 /* AMPopTip.m in Sources */ = {isa = PBXBuildFile; fileRef = 7051489E19876C15007682F2 /* AMPopTip.m */; };
		705148A31987946E007682F2 /* TestViewController.m in Sources */ = {isa = PBXBuildFile; fileRef = 705148A11987946E007682F2 /* TestViewController.m */; };
		705148A41987946E007682F2 /* TestViewController.xib in Resources */ = {isa = PBXBuildFile; fileRef = 705148A21987946E007682F2 /* TestViewController.xib */; };
		70DD3195198F29ED003B649D /* Localization.m in Sources */ = {isa = PBXBuildFile; fileRef = 70DD3194198F29ED003B649D /* Localization.m */; };
		70DD319C198F2B9C003B649D /* CoreData.framework in Frameworks */ = {isa = PBXBuildFile; fileRef = 70DD319B198F2B9C003B649D /* CoreData.framework */; };
/* End PBXBuildFile section */

/* Begin PBXContainerItemProxy section */
		704F7CDE197FA89C00CEFE37 /* PBXContainerItemProxy */ = {
			isa = PBXContainerItemProxy;
			containerPortal = 704F7CB6197FA89C00CEFE37 /* Project object */;
			proxyType = 1;
			remoteGlobalIDString = 704F7CBD197FA89C00CEFE37;
			remoteInfo = YangdcDemos;
		};
/* End PBXContainerItemProxy section */

/* Begin PBXFileReference section */
		703A7B46198F290D00E6ACFD /* Model.xcdatamodel */ = {isa = PBXFileReference; lastKnownFileType = wrapper.xcdatamodel; path = Model.xcdatamodel; sourceTree = "<group>"; };
		70449FC31980FC1800587F9D /* YDCImageDowload.h */ = {isa = PBXFileReference; fileEncoding = 4; lastKnownFileType = sourcecode.c.h; name = YDCImageDowload.h; path = NSOperationImageDowload/YDCImageDowload.h; sourceTree = "<group>"; };
		70449FC41980FC1800587F9D /* YDCImageDowload.m */ = {isa = PBXFileReference; fileEncoding = 4; lastKnownFileType = sourcecode.c.objc; name = YDCImageDowload.m; path = NSOperationImageDowload/YDCImageDowload.m; sourceTree = "<group>"; };
		704C577F1989DC1A003EA19B /* QuickLook.framework */ = {isa = PBXFileReference; lastKnownFileType = wrapper.framework; name = QuickLook.framework; path = System/Library/Frameworks/QuickLook.framework; sourceTree = SDKROOT; };
		704F7CBE197FA89C00CEFE37 /* YangdcDemos.app */ = {isa = PBXFileReference; explicitFileType = wrapper.application; includeInIndex = 0; path = YangdcDemos.app; sourceTree = BUILT_PRODUCTS_DIR; };
		704F7CC1197FA89C00CEFE37 /* Foundation.framework */ = {isa = PBXFileReference; lastKnownFileType = wrapper.framework; name = Foundation.framework; path = System/Library/Frameworks/Foundation.framework; sourceTree = SDKROOT; };
		704F7CC3197FA89C00CEFE37 /* CoreGraphics.framework */ = {isa = PBXFileReference; lastKnownFileType = wrapper.framework; name = CoreGraphics.framework; path = System/Library/Frameworks/CoreGraphics.framework; sourceTree = SDKROOT; };
		704F7CC5197FA89C00CEFE37 /* UIKit.framework */ = {isa = PBXFileReference; lastKnownFileType = wrapper.framework; name = UIKit.framework; path = System/Library/Frameworks/UIKit.framework; sourceTree = SDKROOT; };
		704F7CC9197FA89C00CEFE37 /* YangdcDemos-Info.plist */ = {isa = PBXFileReference; lastKnownFileType = text.plist.xml; path = "YangdcDemos-Info.plist"; sourceTree = "<group>"; };
		704F7CCB197FA89C00CEFE37 /* en */ = {isa = PBXFileReference; lastKnownFileType = text.plist.strings; name = en; path = en.lproj/InfoPlist.strings; sourceTree = "<group>"; };
		704F7CCD197FA89C00CEFE37 /* main.m */ = {isa = PBXFileReference; lastKnownFileType = sourcecode.c.objc; path = main.m; sourceTree = "<group>"; };
		704F7CCF197FA89C00CEFE37 /* YangdcDemos-Prefix.pch */ = {isa = PBXFileReference; lastKnownFileType = sourcecode.c.h; path = "YangdcDemos-Prefix.pch"; sourceTree = "<group>"; };
		704F7CD0197FA89C00CEFE37 /* AppDelegate.h */ = {isa = PBXFileReference; lastKnownFileType = sourcecode.c.h; path = AppDelegate.h; sourceTree = "<group>"; };
		704F7CD1197FA89C00CEFE37 /* AppDelegate.m */ = {isa = PBXFileReference; lastKnownFileType = sourcecode.c.objc; path = AppDelegate.m; sourceTree = "<group>"; };
		704F7CD3197FA89C00CEFE37 /* Images.xcassets */ = {isa = PBXFileReference; lastKnownFileType = folder.assetcatalog; path = Images.xcassets; sourceTree = "<group>"; };
		704F7CD9197FA89C00CEFE37 /* YangdcDemosTests.xctest */ = {isa = PBXFileReference; explicitFileType = wrapper.cfbundle; includeInIndex = 0; path = YangdcDemosTests.xctest; sourceTree = BUILT_PRODUCTS_DIR; };
		704F7CDA197FA89C00CEFE37 /* XCTest.framework */ = {isa = PBXFileReference; lastKnownFileType = wrapper.framework; name = XCTest.framework; path = Library/Frameworks/XCTest.framework; sourceTree = DEVELOPER_DIR; };
		704F7CE2197FA89C00CEFE37 /* YangdcDemosTests-Info.plist */ = {isa = PBXFileReference; lastKnownFileType = text.plist.xml; path = "YangdcDemosTests-Info.plist"; sourceTree = "<group>"; };
		704F7CE4197FA89C00CEFE37 /* en */ = {isa = PBXFileReference; lastKnownFileType = text.plist.strings; name = en; path = en.lproj/InfoPlist.strings; sourceTree = "<group>"; };
		704F7CE6197FA89C00CEFE37 /* YangdcDemosTests.m */ = {isa = PBXFileReference; lastKnownFileType = sourcecode.c.objc; path = YangdcDemosTests.m; sourceTree = "<group>"; };
		704F7CF0197FA8B600CEFE37 /* libz.dylib */ = {isa = PBXFileReference; lastKnownFileType = "compiled.mach-o.dylib"; name = libz.dylib; path = usr/lib/libz.dylib; sourceTree = SDKROOT; };
		704F7CF2197FA8BB00CEFE37 /* AVFoundation.framework */ = {isa = PBXFileReference; lastKnownFileType = wrapper.framework; name = AVFoundation.framework; path = System/Library/Frameworks/AVFoundation.framework; sourceTree = SDKROOT; };
		704F7CF7197FA97700CEFE37 /* AESCrypt.h */ = {isa = PBXFileReference; fileEncoding = 4; lastKnownFileType = sourcecode.c.h; path = AESCrypt.h; sourceTree = "<group>"; };
		704F7CF8197FA97700CEFE37 /* AESCrypt.m */ = {isa = PBXFileReference; fileEncoding = 4; lastKnownFileType = sourcecode.c.objc; path = AESCrypt.m; sourceTree = "<group>"; };
		704F7CF9197FA97700CEFE37 /* NSData+Base64.h */ = {isa = PBXFileReference; fileEncoding = 4; lastKnownFileType = sourcecode.c.h; path = "NSData+Base64.h"; sourceTree = "<group>"; };
		704F7CFA197FA97700CEFE37 /* NSData+Base64.m */ = {isa = PBXFileReference; fileEncoding = 4; lastKnownFileType = sourcecode.c.objc; path = "NSData+Base64.m"; sourceTree = "<group>"; };
		704F7CFB197FA97700CEFE37 /* NSData+CommonCrypto.h */ = {isa = PBXFileReference; fileEncoding = 4; lastKnownFileType = sourcecode.c.h; path = "NSData+CommonCrypto.h"; sourceTree = "<group>"; };
		704F7CFC197FA97700CEFE37 /* NSData+CommonCrypto.m */ = {isa = PBXFileReference; fileEncoding = 4; lastKnownFileType = sourcecode.c.objc; path = "NSData+CommonCrypto.m"; sourceTree = "<group>"; };
		704F7CFD197FA97700CEFE37 /* NSString+Base64.h */ = {isa = PBXFileReference; fileEncoding = 4; lastKnownFileType = sourcecode.c.h; path = "NSString+Base64.h"; sourceTree = "<group>"; };
		704F7CFE197FA97700CEFE37 /* NSString+Base64.m */ = {isa = PBXFileReference; fileEncoding = 4; lastKnownFileType = sourcecode.c.objc; path = "NSString+Base64.m"; sourceTree = "<group>"; };
		704F7D00197FA97700CEFE37 /* Appirater.h */ = {isa = PBXFileReference; fileEncoding = 4; lastKnownFileType = sourcecode.c.h; path = Appirater.h; sourceTree = "<group>"; };
		704F7D01197FA97700CEFE37 /* Appirater.m */ = {isa = PBXFileReference; fileEncoding = 4; lastKnownFileType = sourcecode.c.objc; path = Appirater.m; sourceTree = "<group>"; };
		704F7D02197FA97700CEFE37 /* AppiraterDelegate.h */ = {isa = PBXFileReference; fileEncoding = 4; lastKnownFileType = sourcecode.c.h; path = AppiraterDelegate.h; sourceTree = "<group>"; };
		704F7D04197FA97700CEFE37 /* NSData+ImageContentType.h */ = {isa = PBXFileReference; fileEncoding = 4; lastKnownFileType = sourcecode.c.h; path = "NSData+ImageContentType.h"; sourceTree = "<group>"; };
		704F7D05197FA97700CEFE37 /* NSData+ImageContentType.m */ = {isa = PBXFileReference; fileEncoding = 4; lastKnownFileType = sourcecode.c.objc; path = "NSData+ImageContentType.m"; sourceTree = "<group>"; };
		704F7D06197FA97700CEFE37 /* UIImage+GIF.h */ = {isa = PBXFileReference; fileEncoding = 4; lastKnownFileType = sourcecode.c.h; path = "UIImage+GIF.h"; sourceTree = "<group>"; };
		704F7D07197FA97700CEFE37 /* UIImage+GIF.m */ = {isa = PBXFileReference; fileEncoding = 4; lastKnownFileType = sourcecode.c.objc; path = "UIImage+GIF.m"; sourceTree = "<group>"; };
		704F7D08197FA97700CEFE37 /* UIImage+MultiFormat.h */ = {isa = PBXFileReference; fileEncoding = 4; lastKnownFileType = sourcecode.c.h; path = "UIImage+MultiFormat.h"; sourceTree = "<group>"; };
		704F7D09197FA97700CEFE37 /* UIImage+MultiFormat.m */ = {isa = PBXFileReference; fileEncoding = 4; lastKnownFileType = sourcecode.c.objc; path = "UIImage+MultiFormat.m"; sourceTree = "<group>"; };
		704F7D0B197FA97700CEFE37 /* ImageDownloader.h */ = {isa = PBXFileReference; fileEncoding = 4; lastKnownFileType = sourcecode.c.h; path = ImageDownloader.h; sourceTree = "<group>"; };
		704F7D0C197FA97700CEFE37 /* ImageDownloader.m */ = {isa = PBXFileReference; fileEncoding = 4; lastKnownFileType = sourcecode.c.objc; path = ImageDownloader.m; sourceTree = "<group>"; };
		704F7D0D197FA97700CEFE37 /* ImageNSOperationViewController.h */ = {isa = PBXFileReference; fileEncoding = 4; lastKnownFileType = sourcecode.c.h; path = ImageNSOperationViewController.h; sourceTree = "<group>"; };
		704F7D0E197FA97700CEFE37 /* ImageNSOperationViewController.m */ = {isa = PBXFileReference; fileEncoding = 4; lastKnownFileType = sourcecode.c.objc; path = ImageNSOperationViewController.m; sourceTree = "<group>"; };
		704F7D0F197FA97700CEFE37 /* ImageNSOperationViewController.xib */ = {isa = PBXFileReference; fileEncoding = 4; lastKnownFileType = file.xib; path = ImageNSOperationViewController.xib; sourceTree = "<group>"; };
		704F7D11197FA97700CEFE37 /* SDImageCache.h */ = {isa = PBXFileReference; fileEncoding = 4; lastKnownFileType = sourcecode.c.h; path = SDImageCache.h; sourceTree = "<group>"; };
		704F7D12197FA97700CEFE37 /* SDImageCache.m */ = {isa = PBXFileReference; fileEncoding = 4; lastKnownFileType = sourcecode.c.objc; path = SDImageCache.m; sourceTree = "<group>"; };
		704F7D13197FA97700CEFE37 /* SDWebImageCompat.h */ = {isa = PBXFileReference; fileEncoding = 4; lastKnownFileType = sourcecode.c.h; path = SDWebImageCompat.h; sourceTree = "<group>"; };
		704F7D14197FA97700CEFE37 /* SDWebImageCompat.m */ = {isa = PBXFileReference; fileEncoding = 4; lastKnownFileType = sourcecode.c.objc; path = SDWebImageCompat.m; sourceTree = "<group>"; };
		704F7D15197FA97700CEFE37 /* SDWebImageDecoder.h */ = {isa = PBXFileReference; fileEncoding = 4; lastKnownFileType = sourcecode.c.h; path = SDWebImageDecoder.h; sourceTree = "<group>"; };
		704F7D16197FA97700CEFE37 /* SDWebImageDecoder.m */ = {isa = PBXFileReference; fileEncoding = 4; lastKnownFileType = sourcecode.c.objc; path = SDWebImageDecoder.m; sourceTree = "<group>"; };
		704F7D17197FA97700CEFE37 /* SDWebImageDownloader.h */ = {isa = PBXFileReference; fileEncoding = 4; lastKnownFileType = sourcecode.c.h; path = SDWebImageDownloader.h; sourceTree = "<group>"; };
		704F7D18197FA97700CEFE37 /* SDWebImageDownloader.m */ = {isa = PBXFileReference; fileEncoding = 4; lastKnownFileType = sourcecode.c.objc; path = SDWebImageDownloader.m; sourceTree = "<group>"; };
		704F7D19197FA97700CEFE37 /* SDWebImageDownloaderOperation.h */ = {isa = PBXFileReference; fileEncoding = 4; lastKnownFileType = sourcecode.c.h; path = SDWebImageDownloaderOperation.h; sourceTree = "<group>"; };
		704F7D1A197FA97700CEFE37 /* SDWebImageDownloaderOperation.m */ = {isa = PBXFileReference; fileEncoding = 4; lastKnownFileType = sourcecode.c.objc; path = SDWebImageDownloaderOperation.m; sourceTree = "<group>"; };
		704F7D1B197FA97700CEFE37 /* SDWebImageManager.h */ = {isa = PBXFileReference; fileEncoding = 4; lastKnownFileType = sourcecode.c.h; path = SDWebImageManager.h; sourceTree = "<group>"; };
		704F7D1C197FA97700CEFE37 /* SDWebImageManager.m */ = {isa = PBXFileReference; fileEncoding = 4; lastKnownFileType = sourcecode.c.objc; path = SDWebImageManager.m; sourceTree = "<group>"; };
		704F7D1D197FA97700CEFE37 /* SDWebImageOperation.h */ = {isa = PBXFileReference; fileEncoding = 4; lastKnownFileType = sourcecode.c.h; path = SDWebImageOperation.h; sourceTree = "<group>"; };
		704F7D1F197FA97700CEFE37 /* THProgressView.h */ = {isa = PBXFileReference; fileEncoding = 4; lastKnownFileType = sourcecode.c.h; path = THProgressView.h; sourceTree = "<group>"; };
		704F7D20197FA97700CEFE37 /* THProgressView.m */ = {isa = PBXFileReference; fileEncoding = 4; lastKnownFileType = sourcecode.c.objc; path = THProgressView.m; sourceTree = "<group>"; };
		704F7D21197FA97700CEFE37 /* UIImageView+LK.h */ = {isa = PBXFileReference; fileEncoding = 4; lastKnownFileType = sourcecode.c.h; path = "UIImageView+LK.h"; sourceTree = "<group>"; };
		704F7D22197FA97700CEFE37 /* UIImageView+LK.m */ = {isa = PBXFileReference; fileEncoding = 4; lastKnownFileType = sourcecode.c.objc; path = "UIImageView+LK.m"; sourceTree = "<group>"; };
		704F7D23197FA97700CEFE37 /* UIImageView+WebCache.h */ = {isa = PBXFileReference; fileEncoding = 4; lastKnownFileType = sourcecode.c.h; path = "UIImageView+WebCache.h"; sourceTree = "<group>"; };
		704F7D24197FA97700CEFE37 /* UIImageView+WebCache.m */ = {isa = PBXFileReference; fileEncoding = 4; lastKnownFileType = sourcecode.c.objc; path = "UIImageView+WebCache.m"; sourceTree = "<group>"; };
		704F7D26197FA97700CEFE37 /* remind_noimage.png */ = {isa = PBXFileReference; lastKnownFileType = image.png; path = remind_noimage.png; sourceTree = "<group>"; };
		704F7D27197FA97700CEFE37 /* remind_noimage@2x.png */ = {isa = PBXFileReference; lastKnownFileType = image.png; path = "remind_noimage@2x.png"; sourceTree = "<group>"; };
		704F7D28197FA97700CEFE37 /* SDWebImageController.h */ = {isa = PBXFileReference; fileEncoding = 4; lastKnownFileType = sourcecode.c.h; path = SDWebImageController.h; sourceTree = "<group>"; };
		704F7D29197FA97700CEFE37 /* SDWebImageController.m */ = {isa = PBXFileReference; fileEncoding = 4; lastKnownFileType = sourcecode.c.objc; path = SDWebImageController.m; sourceTree = "<group>"; };
		704F7D2A197FA97700CEFE37 /* SDWebImageController_iphone.xib */ = {isa = PBXFileReference; fileEncoding = 4; lastKnownFileType = file.xib; path = SDWebImageController_iphone.xib; sourceTree = "<group>"; };
		704F7D2C197FA97700CEFE37 /* SVProgressHUD.bundle */ = {isa = PBXFileReference; lastKnownFileType = "wrapper.plug-in"; path = SVProgressHUD.bundle; sourceTree = "<group>"; };
		704F7D2D197FA97700CEFE37 /* SVProgressHUD.h */ = {isa = PBXFileReference; fileEncoding = 4; lastKnownFileType = sourcecode.c.h; path = SVProgressHUD.h; sourceTree = "<group>"; };
		704F7D2E197FA97700CEFE37 /* SVProgressHUD.m */ = {isa = PBXFileReference; fileEncoding = 4; lastKnownFileType = sourcecode.c.objc; path = SVProgressHUD.m; sourceTree = "<group>"; };
		704F7D2F197FA97700CEFE37 /* SVProgressHUDViewController.h */ = {isa = PBXFileReference; fileEncoding = 4; lastKnownFileType = sourcecode.c.h; path = SVProgressHUDViewController.h; sourceTree = "<group>"; };
		704F7D30197FA97700CEFE37 /* SVProgressHUDViewController.m */ = {isa = PBXFileReference; fileEncoding = 4; lastKnownFileType = sourcecode.c.objc; path = SVProgressHUDViewController.m; sourceTree = "<group>"; };
		704F7D31197FA97700CEFE37 /* SVProgressHUDViewController.xib */ = {isa = PBXFileReference; fileEncoding = 4; lastKnownFileType = file.xib; path = SVProgressHUDViewController.xib; sourceTree = "<group>"; };
		704F7D34197FA97700CEFE37 /* crypt.h */ = {isa = PBXFileReference; fileEncoding = 4; lastKnownFileType = sourcecode.c.h; path = crypt.h; sourceTree = "<group>"; };
		704F7D35197FA97700CEFE37 /* ioapi.c */ = {isa = PBXFileReference; fileEncoding = 4; lastKnownFileType = sourcecode.c.c; path = ioapi.c; sourceTree = "<group>"; };
		704F7D36197FA97700CEFE37 /* ioapi.h */ = {isa = PBXFileReference; fileEncoding = 4; lastKnownFileType = sourcecode.c.h; path = ioapi.h; sourceTree = "<group>"; };
		704F7D37197FA97700CEFE37 /* mztools.c */ = {isa = PBXFileReference; fileEncoding = 4; lastKnownFileType = sourcecode.c.c; path = mztools.c; sourceTree = "<group>"; };
		704F7D38197FA97700CEFE37 /* mztools.h */ = {isa = PBXFileReference; fileEncoding = 4; lastKnownFileType = sourcecode.c.h; path = mztools.h; sourceTree = "<group>"; };
		704F7D39197FA97700CEFE37 /* unzip.c */ = {isa = PBXFileReference; fileEncoding = 4; lastKnownFileType = sourcecode.c.c; path = unzip.c; sourceTree = "<group>"; };
		704F7D3A197FA97700CEFE37 /* unzip.h */ = {isa = PBXFileReference; fileEncoding = 4; lastKnownFileType = sourcecode.c.h; path = unzip.h; sourceTree = "<group>"; };
		704F7D3B197FA97700CEFE37 /* zip.c */ = {isa = PBXFileReference; fileEncoding = 4; lastKnownFileType = sourcecode.c.c; path = zip.c; sourceTree = "<group>"; };
		704F7D3C197FA97700CEFE37 /* zip.h */ = {isa = PBXFileReference; fileEncoding = 4; lastKnownFileType = sourcecode.c.h; path = zip.h; sourceTree = "<group>"; };
		704F7D3D197FA97700CEFE37 /* Tool.h */ = {isa = PBXFileReference; fileEncoding = 4; lastKnownFileType = sourcecode.c.h; path = Tool.h; sourceTree = "<group>"; };
		704F7D3E197FA97700CEFE37 /* Tool.m */ = {isa = PBXFileReference; fileEncoding = 4; lastKnownFileType = sourcecode.c.objc; path = Tool.m; sourceTree = "<group>"; };
		704F7D61197FB84900CEFE37 /* KMP.h */ = {isa = PBXFileReference; fileEncoding = 4; lastKnownFileType = sourcecode.c.h; path = KMP.h; sourceTree = "<group>"; };
		704F7D62197FB84900CEFE37 /* KMP.m */ = {isa = PBXFileReference; fileEncoding = 4; lastKnownFileType = sourcecode.c.objc; path = KMP.m; sourceTree = "<group>"; };
		7051489D19876C15007682F2 /* AMPopTip.h */ = {isa = PBXFileReference; fileEncoding = 4; lastKnownFileType = sourcecode.c.h; path = AMPopTip.h; sourceTree = "<group>"; };
		7051489E19876C15007682F2 /* AMPopTip.m */ = {isa = PBXFileReference; fileEncoding = 4; lastKnownFileType = sourcecode.c.objc; path = AMPopTip.m; sourceTree = "<group>"; };
		705148A01987946E007682F2 /* TestViewController.h */ = {isa = PBXFileReference; fileEncoding = 4; lastKnownFileType = sourcecode.c.h; path = TestViewController.h; sourceTree = "<group>"; };
		705148A11987946E007682F2 /* TestViewController.m */ = {isa = PBXFileReference; fileEncoding = 4; lastKnownFileType = sourcecode.c.objc; path = TestViewController.m; sourceTree = "<group>"; };
		705148A21987946E007682F2 /* TestViewController.xib */ = {isa = PBXFileReference; fileEncoding = 4; lastKnownFileType = file.xib; path = TestViewController.xib; sourceTree = "<group>"; };
		70DD3193198F29ED003B649D /* Localization.h */ = {isa = PBXFileReference; fileEncoding = 4; lastKnownFileType = sourcecode.c.h; path = Localization.h; sourceTree = "<group>"; };
		70DD3194198F29ED003B649D /* Localization.m */ = {isa = PBXFileReference; fileEncoding = 4; lastKnownFileType = sourcecode.c.objc; path = Localization.m; sourceTree = "<group>"; };
		70DD319B198F2B9C003B649D /* CoreData.framework */ = {isa = PBXFileReference; lastKnownFileType = wrapper.framework; name = CoreData.framework; path = System/Library/Frameworks/CoreData.framework; sourceTree = SDKROOT; };
/* End PBXFileReference section */

/* Begin PBXFrameworksBuildPhase section */
		704F7CBB197FA89C00CEFE37 /* Frameworks */ = {
			isa = PBXFrameworksBuildPhase;
			buildActionMask = 2147483647;
			files = (
				70DD319C198F2B9C003B649D /* CoreData.framework in Frameworks */,
				704C57801989DC1A003EA19B /* QuickLook.framework in Frameworks */,
				704F7CF3197FA8BB00CEFE37 /* AVFoundation.framework in Frameworks */,
				704F7CF1197FA8B600CEFE37 /* libz.dylib in Frameworks */,
				704F7CC4197FA89C00CEFE37 /* CoreGraphics.framework in Frameworks */,
				704F7CC6197FA89C00CEFE37 /* UIKit.framework in Frameworks */,
				704F7CC2197FA89C00CEFE37 /* Foundation.framework in Frameworks */,
			);
			runOnlyForDeploymentPostprocessing = 0;
		};
		704F7CD6197FA89C00CEFE37 /* Frameworks */ = {
			isa = PBXFrameworksBuildPhase;
			buildActionMask = 2147483647;
			files = (
				704F7CDB197FA89C00CEFE37 /* XCTest.framework in Frameworks */,
				704F7CDD197FA89C00CEFE37 /* UIKit.framework in Frameworks */,
				704F7CDC197FA89C00CEFE37 /* Foundation.framework in Frameworks */,
			);
			runOnlyForDeploymentPostprocessing = 0;
		};
/* End PBXFrameworksBuildPhase section */

/* Begin PBXGroup section */
		703A7B48198F292300E6ACFD /* CoreData */ = {
			isa = PBXGroup;
			children = (
				703A7B45198F290D00E6ACFD /* Model.xcdatamodeld */,
				70DD3193198F29ED003B649D /* Localization.h */,
				70DD3194198F29ED003B649D /* Localization.m */,
			);
			path = CoreData;
			sourceTree = "<group>";
		};
		70449FC21980FBCB00587F9D /* NSOperationImageDowload */ = {
			isa = PBXGroup;
			children = (
				70449FC31980FC1800587F9D /* YDCImageDowload.h */,
				70449FC41980FC1800587F9D /* YDCImageDowload.m */,
			);
			name = NSOperationImageDowload;
			sourceTree = "<group>";
		};
		704F7CB5197FA89C00CEFE37 = {
			isa = PBXGroup;
			children = (
				704F7CC7197FA89C00CEFE37 /* YangdcDemos */,
				704F7CE0197FA89C00CEFE37 /* YangdcDemosTests */,
				704F7CC0197FA89C00CEFE37 /* Frameworks */,
				704F7CBF197FA89C00CEFE37 /* Products */,
			);
			sourceTree = "<group>";
		};
		704F7CBF197FA89C00CEFE37 /* Products */ = {
			isa = PBXGroup;
			children = (
				704F7CBE197FA89C00CEFE37 /* YangdcDemos.app */,
				704F7CD9197FA89C00CEFE37 /* YangdcDemosTests.xctest */,
			);
			name = Products;
			sourceTree = "<group>";
		};
		704F7CC0197FA89C00CEFE37 /* Frameworks */ = {
			isa = PBXGroup;
			children = (
				70DD319B198F2B9C003B649D /* CoreData.framework */,
				704C577F1989DC1A003EA19B /* QuickLook.framework */,
				704F7CF2197FA8BB00CEFE37 /* AVFoundation.framework */,
				704F7CF0197FA8B600CEFE37 /* libz.dylib */,
				704F7CC1197FA89C00CEFE37 /* Foundation.framework */,
				704F7CC3197FA89C00CEFE37 /* CoreGraphics.framework */,
				704F7CC5197FA89C00CEFE37 /* UIKit.framework */,
				704F7CDA197FA89C00CEFE37 /* XCTest.framework */,
			);
			name = Frameworks;
			sourceTree = "<group>";
		};
		704F7CC7197FA89C00CEFE37 /* YangdcDemos */ = {
			isa = PBXGroup;
			children = (
				704F7CF5197FA97700CEFE37 /* Demos */,
				704F7D3D197FA97700CEFE37 /* Tool.h */,
				704F7D3E197FA97700CEFE37 /* Tool.m */,
				704F7CD0197FA89C00CEFE37 /* AppDelegate.h */,
				704F7CD1197FA89C00CEFE37 /* AppDelegate.m */,
				704F7CD3197FA89C00CEFE37 /* Images.xcassets */,
				704F7CC8197FA89C00CEFE37 /* Supporting Files */,
				705148A01987946E007682F2 /* TestViewController.h */,
				705148A11987946E007682F2 /* TestViewController.m */,
				705148A21987946E007682F2 /* TestViewController.xib */,
			);
			path = YangdcDemos;
			sourceTree = "<group>";
		};
		704F7CC8197FA89C00CEFE37 /* Supporting Files */ = {
			isa = PBXGroup;
			children = (
				704F7CC9197FA89C00CEFE37 /* YangdcDemos-Info.plist */,
				704F7CCA197FA89C00CEFE37 /* InfoPlist.strings */,
				704F7CCD197FA89C00CEFE37 /* main.m */,
				704F7CCF197FA89C00CEFE37 /* YangdcDemos-Prefix.pch */,
			);
			name = "Supporting Files";
			sourceTree = "<group>";
		};
		704F7CE0197FA89C00CEFE37 /* YangdcDemosTests */ = {
			isa = PBXGroup;
			children = (
				704F7CE6197FA89C00CEFE37 /* YangdcDemosTests.m */,
				704F7CE1197FA89C00CEFE37 /* Supporting Files */,
			);
			path = YangdcDemosTests;
			sourceTree = "<group>";
		};
		704F7CE1197FA89C00CEFE37 /* Supporting Files */ = {
			isa = PBXGroup;
			children = (
				704F7CE2197FA89C00CEFE37 /* YangdcDemosTests-Info.plist */,
				704F7CE3197FA89C00CEFE37 /* InfoPlist.strings */,
			);
			name = "Supporting Files";
			sourceTree = "<group>";
		};
		704F7CF5197FA97700CEFE37 /* Demos */ = {
			isa = PBXGroup;
			children = (
				703A7B48198F292300E6ACFD /* CoreData */,
				7051489C19876C15007682F2 /* AMPopTip */,
				70449FC21980FBCB00587F9D /* NSOperationImageDowload */,
				704F7D60197FB6DE00CEFE37 /* KMP */,
				704F7CF6197FA97700CEFE37 /* AES */,
				704F7CFF197FA97700CEFE37 /* Appirater */,
				704F7D03197FA97700CEFE37 /* ImageTool */,
				704F7D0A197FA97700CEFE37 /* NSOperation */,
				704F7D10197FA97700CEFE37 /* SDWebImage */,
				704F7D25197FA97700CEFE37 /* SDWebImageDemo */,
				704F7D2B197FA97700CEFE37 /* SVProgressHUD */,
				704F7D32197FA97700CEFE37 /* ZipArchive */,
			);
			path = Demos;
			sourceTree = "<group>";
		};
		704F7CF6197FA97700CEFE37 /* AES */ = {
			isa = PBXGroup;
			children = (
				704F7CF7197FA97700CEFE37 /* AESCrypt.h */,
				704F7CF8197FA97700CEFE37 /* AESCrypt.m */,
				704F7CF9197FA97700CEFE37 /* NSData+Base64.h */,
				704F7CFA197FA97700CEFE37 /* NSData+Base64.m */,
				704F7CFB197FA97700CEFE37 /* NSData+CommonCrypto.h */,
				704F7CFC197FA97700CEFE37 /* NSData+CommonCrypto.m */,
				704F7CFD197FA97700CEFE37 /* NSString+Base64.h */,
				704F7CFE197FA97700CEFE37 /* NSString+Base64.m */,
			);
			path = AES;
			sourceTree = "<group>";
		};
		704F7CFF197FA97700CEFE37 /* Appirater */ = {
			isa = PBXGroup;
			children = (
				704F7D00197FA97700CEFE37 /* Appirater.h */,
				704F7D01197FA97700CEFE37 /* Appirater.m */,
				704F7D02197FA97700CEFE37 /* AppiraterDelegate.h */,
			);
			path = Appirater;
			sourceTree = "<group>";
		};
		704F7D03197FA97700CEFE37 /* ImageTool */ = {
			isa = PBXGroup;
			children = (
				704F7D04197FA97700CEFE37 /* NSData+ImageContentType.h */,
				704F7D05197FA97700CEFE37 /* NSData+ImageContentType.m */,
				704F7D06197FA97700CEFE37 /* UIImage+GIF.h */,
				704F7D07197FA97700CEFE37 /* UIImage+GIF.m */,
				704F7D08197FA97700CEFE37 /* UIImage+MultiFormat.h */,
				704F7D09197FA97700CEFE37 /* UIImage+MultiFormat.m */,
			);
			path = ImageTool;
			sourceTree = "<group>";
		};
		704F7D0A197FA97700CEFE37 /* NSOperation */ = {
			isa = PBXGroup;
			children = (
				704F7D0B197FA97700CEFE37 /* ImageDownloader.h */,
				704F7D0C197FA97700CEFE37 /* ImageDownloader.m */,
				704F7D0D197FA97700CEFE37 /* ImageNSOperationViewController.h */,
				704F7D0E197FA97700CEFE37 /* ImageNSOperationViewController.m */,
				704F7D0F197FA97700CEFE37 /* ImageNSOperationViewController.xib */,
			);
			path = NSOperation;
			sourceTree = "<group>";
		};
		704F7D10197FA97700CEFE37 /* SDWebImage */ = {
			isa = PBXGroup;
			children = (
				704F7D11197FA97700CEFE37 /* SDImageCache.h */,
				704F7D12197FA97700CEFE37 /* SDImageCache.m */,
				704F7D13197FA97700CEFE37 /* SDWebImageCompat.h */,
				704F7D14197FA97700CEFE37 /* SDWebImageCompat.m */,
				704F7D15197FA97700CEFE37 /* SDWebImageDecoder.h */,
				704F7D16197FA97700CEFE37 /* SDWebImageDecoder.m */,
				704F7D17197FA97700CEFE37 /* SDWebImageDownloader.h */,
				704F7D18197FA97700CEFE37 /* SDWebImageDownloader.m */,
				704F7D19197FA97700CEFE37 /* SDWebImageDownloaderOperation.h */,
				704F7D1A197FA97700CEFE37 /* SDWebImageDownloaderOperation.m */,
				704F7D1B197FA97700CEFE37 /* SDWebImageManager.h */,
				704F7D1C197FA97700CEFE37 /* SDWebImageManager.m */,
				704F7D1D197FA97700CEFE37 /* SDWebImageOperation.h */,
				704F7D1E197FA97700CEFE37 /* THProgressView */,
				704F7D21197FA97700CEFE37 /* UIImageView+LK.h */,
				704F7D22197FA97700CEFE37 /* UIImageView+LK.m */,
				704F7D23197FA97700CEFE37 /* UIImageView+WebCache.h */,
				704F7D24197FA97700CEFE37 /* UIImageView+WebCache.m */,
			);
			path = SDWebImage;
			sourceTree = "<group>";
		};
		704F7D1E197FA97700CEFE37 /* THProgressView */ = {
			isa = PBXGroup;
			children = (
				704F7D1F197FA97700CEFE37 /* THProgressView.h */,
				704F7D20197FA97700CEFE37 /* THProgressView.m */,
			);
			path = THProgressView;
			sourceTree = "<group>";
		};
		704F7D25197FA97700CEFE37 /* SDWebImageDemo */ = {
			isa = PBXGroup;
			children = (
				704F7D26197FA97700CEFE37 /* remind_noimage.png */,
				704F7D27197FA97700CEFE37 /* remind_noimage@2x.png */,
				704F7D28197FA97700CEFE37 /* SDWebImageController.h */,
				704F7D29197FA97700CEFE37 /* SDWebImageController.m */,
				704F7D2A197FA97700CEFE37 /* SDWebImageController_iphone.xib */,
			);
			path = SDWebImageDemo;
			sourceTree = "<group>";
		};
		704F7D2B197FA97700CEFE37 /* SVProgressHUD */ = {
			isa = PBXGroup;
			children = (
				704F7D2C197FA97700CEFE37 /* SVProgressHUD.bundle */,
				704F7D2D197FA97700CEFE37 /* SVProgressHUD.h */,
				704F7D2E197FA97700CEFE37 /* SVProgressHUD.m */,
				704F7D2F197FA97700CEFE37 /* SVProgressHUDViewController.h */,
				704F7D30197FA97700CEFE37 /* SVProgressHUDViewController.m */,
				704F7D31197FA97700CEFE37 /* SVProgressHUDViewController.xib */,
			);
			path = SVProgressHUD;
			sourceTree = "<group>";
		};
		704F7D32197FA97700CEFE37 /* ZipArchive */ = {
			isa = PBXGroup;
			children = (
				704F7D33197FA97700CEFE37 /* minizip */,
			);
			path = ZipArchive;
			sourceTree = "<group>";
		};
		704F7D33197FA97700CEFE37 /* minizip */ = {
			isa = PBXGroup;
			children = (
				704F7D34197FA97700CEFE37 /* crypt.h */,
				704F7D35197FA97700CEFE37 /* ioapi.c */,
				704F7D36197FA97700CEFE37 /* ioapi.h */,
				704F7D37197FA97700CEFE37 /* mztools.c */,
				704F7D38197FA97700CEFE37 /* mztools.h */,
				704F7D39197FA97700CEFE37 /* unzip.c */,
				704F7D3A197FA97700CEFE37 /* unzip.h */,
				704F7D3B197FA97700CEFE37 /* zip.c */,
				704F7D3C197FA97700CEFE37 /* zip.h */,
			);
			path = minizip;
			sourceTree = "<group>";
		};
		704F7D60197FB6DE00CEFE37 /* KMP */ = {
			isa = PBXGroup;
			children = (
				704F7D61197FB84900CEFE37 /* KMP.h */,
				704F7D62197FB84900CEFE37 /* KMP.m */,
			);
			path = KMP;
			sourceTree = "<group>";
		};
		7051489C19876C15007682F2 /* AMPopTip */ = {
			isa = PBXGroup;
			children = (
				7051489D19876C15007682F2 /* AMPopTip.h */,
				7051489E19876C15007682F2 /* AMPopTip.m */,
			);
			path = AMPopTip;
			sourceTree = "<group>";
		};
/* End PBXGroup section */

/* Begin PBXNativeTarget section */
		704F7CBD197FA89C00CEFE37 /* YangdcDemos */ = {
			isa = PBXNativeTarget;
			buildConfigurationList = 704F7CEA197FA89C00CEFE37 /* Build configuration list for PBXNativeTarget "YangdcDemos" */;
			buildPhases = (
				704F7CBA197FA89C00CEFE37 /* Sources */,
				704F7CBB197FA89C00CEFE37 /* Frameworks */,
				704F7CBC197FA89C00CEFE37 /* Resources */,
			);
			buildRules = (
			);
			dependencies = (
			);
			name = YangdcDemos;
			productName = YangdcDemos;
			productReference = 704F7CBE197FA89C00CEFE37 /* YangdcDemos.app */;
			productType = "com.apple.product-type.application";
		};
		704F7CD8197FA89C00CEFE37 /* YangdcDemosTests */ = {
			isa = PBXNativeTarget;
			buildConfigurationList = 704F7CED197FA89C00CEFE37 /* Build configuration list for PBXNativeTarget "YangdcDemosTests" */;
			buildPhases = (
				704F7CD5197FA89C00CEFE37 /* Sources */,
				704F7CD6197FA89C00CEFE37 /* Frameworks */,
				704F7CD7197FA89C00CEFE37 /* Resources */,
			);
			buildRules = (
			);
			dependencies = (
				704F7CDF197FA89C00CEFE37 /* PBXTargetDependency */,
			);
			name = YangdcDemosTests;
			productName = YangdcDemosTests;
			productReference = 704F7CD9197FA89C00CEFE37 /* YangdcDemosTests.xctest */;
			productType = "com.apple.product-type.bundle.unit-test";
		};
/* End PBXNativeTarget section */

/* Begin PBXProject section */
		704F7CB6197FA89C00CEFE37 /* Project object */ = {
			isa = PBXProject;
			attributes = {
				LastUpgradeCheck = 0510;
				ORGANIZATIONNAME = ydc;
				TargetAttributes = {
					704F7CD8197FA89C00CEFE37 = {
						TestTargetID = 704F7CBD197FA89C00CEFE37;
					};
				};
			};
			buildConfigurationList = 704F7CB9197FA89C00CEFE37 /* Build configuration list for PBXProject "YangdcDemos" */;
			compatibilityVersion = "Xcode 3.2";
			developmentRegion = English;
			hasScannedForEncodings = 0;
			knownRegions = (
				en,
			);
			mainGroup = 704F7CB5197FA89C00CEFE37;
			productRefGroup = 704F7CBF197FA89C00CEFE37 /* Products */;
			projectDirPath = "";
			projectRoot = "";
			targets = (
				704F7CBD197FA89C00CEFE37 /* YangdcDemos */,
				704F7CD8197FA89C00CEFE37 /* YangdcDemosTests */,
			);
		};
/* End PBXProject section */

/* Begin PBXResourcesBuildPhase section */
		704F7CBC197FA89C00CEFE37 /* Resources */ = {
			isa = PBXResourcesBuildPhase;
			buildActionMask = 2147483647;
			files = (
				704F7D57197FA97700CEFE37 /* SVProgressHUD.bundle in Resources */,
				704F7D54197FA97700CEFE37 /* remind_noimage@2x.png in Resources */,
				704F7CCC197FA89C00CEFE37 /* InfoPlist.strings in Resources */,
				704F7CD4197FA89C00CEFE37 /* Images.xcassets in Resources */,
				705148A41987946E007682F2 /* TestViewController.xib in Resources */,
				704F7D49197FA97700CEFE37 /* ImageNSOperationViewController.xib in Resources */,
				704F7D56197FA97700CEFE37 /* SDWebImageController_iphone.xib in Resources */,
				704F7D5A197FA97700CEFE37 /* SVProgressHUDViewController.xib in Resources */,
				704F7D53197FA97700CEFE37 /* remind_noimage.png in Resources */,
			);
			runOnlyForDeploymentPostprocessing = 0;
		};
		704F7CD7197FA89C00CEFE37 /* Resources */ = {
			isa = PBXResourcesBuildPhase;
			buildActionMask = 2147483647;
			files = (
				704F7CE5197FA89C00CEFE37 /* InfoPlist.strings in Resources */,
			);
			runOnlyForDeploymentPostprocessing = 0;
		};
/* End PBXResourcesBuildPhase section */

/* Begin PBXSourcesBuildPhase section */
		704F7CBA197FA89C00CEFE37 /* Sources */ = {
			isa = PBXSourcesBuildPhase;
			buildActionMask = 2147483647;
			files = (
				704F7D45197FA97700CEFE37 /* UIImage+GIF.m in Sources */,
				704F7D47197FA97700CEFE37 /* ImageDownloader.m in Sources */,
				704F7D42197FA97700CEFE37 /* NSString+Base64.m in Sources */,
				704F7D4F197FA97700CEFE37 /* SDWebImageManager.m in Sources */,
				704F7D46197FA97700CEFE37 /* UIImage+MultiFormat.m in Sources */,
				704F7D5F197FA97700CEFE37 /* Tool.m in Sources */,
				704F7D63197FB84900CEFE37 /* KMP.m in Sources */,
				704F7D51197FA97700CEFE37 /* UIImageView+LK.m in Sources */,
				704F7D59197FA97700CEFE37 /* SVProgressHUDViewController.m in Sources */,
				704F7CD2197FA89C00CEFE37 /* AppDelegate.m in Sources */,
				704F7D4B197FA97700CEFE37 /* SDWebImageCompat.m in Sources */,
				704F7D44197FA97700CEFE37 /* NSData+ImageContentType.m in Sources */,
				704F7D4C197FA97700CEFE37 /* SDWebImageDecoder.m in Sources */,
				704F7D58197FA97700CEFE37 /* SVProgressHUD.m in Sources */,
				704F7D5C197FA97700CEFE37 /* mztools.c in Sources */,
				7051489F19876C15007682F2 /* AMPopTip.m in Sources */,
				704F7D4E197FA97700CEFE37 /* SDWebImageDownloaderOperation.m in Sources */,
				70DD3195198F29ED003B649D /* Localization.m in Sources */,
				704F7D52197FA97700CEFE37 /* UIImageView+WebCache.m in Sources */,
				705148A31987946E007682F2 /* TestViewController.m in Sources */,
				704F7D4D197FA97700CEFE37 /* SDWebImageDownloader.m in Sources */,
				704F7D40197FA97700CEFE37 /* NSData+Base64.m in Sources */,
				704F7D41197FA97700CEFE37 /* NSData+CommonCrypto.m in Sources */,
				704F7D5D197FA97700CEFE37 /* unzip.c in Sources */,
				704F7D43197FA97700CEFE37 /* Appirater.m in Sources */,
				704F7D3F197FA97700CEFE37 /* AESCrypt.m in Sources */,
				703A7B47198F290D00E6ACFD /* Model.xcdatamodeld in Sources */,
				70449FC51980FC1800587F9D /* YDCImageDowload.m in Sources */,
				704F7D55197FA97700CEFE37 /* SDWebImageController.m in Sources */,
				704F7D4A197FA97700CEFE37 /* SDImageCache.m in Sources */,
				704F7D48197FA97700CEFE37 /* ImageNSOperationViewController.m in Sources */,
				704F7CCE197FA89C00CEFE37 /* main.m in Sources */,
				704F7D5E197FA97700CEFE37 /* zip.c in Sources */,
				704F7D50197FA97700CEFE37 /* THProgressView.m in Sources */,
				704F7D5B197FA97700CEFE37 /* ioapi.c in Sources */,
			);
			runOnlyForDeploymentPostprocessing = 0;
		};
		704F7CD5197FA89C00CEFE37 /* Sources */ = {
			isa = PBXSourcesBuildPhase;
			buildActionMask = 2147483647;
			files = (
				704F7CE7197FA89C00CEFE37 /* YangdcDemosTests.m in Sources */,
			);
			runOnlyForDeploymentPostprocessing = 0;
		};
/* End PBXSourcesBuildPhase section */

/* Begin PBXTargetDependency section */
		704F7CDF197FA89C00CEFE37 /* PBXTargetDependency */ = {
			isa = PBXTargetDependency;
			target = 704F7CBD197FA89C00CEFE37 /* YangdcDemos */;
			targetProxy = 704F7CDE197FA89C00CEFE37 /* PBXContainerItemProxy */;
		};
/* End PBXTargetDependency section */

/* Begin PBXVariantGroup section */
		704F7CCA197FA89C00CEFE37 /* InfoPlist.strings */ = {
			isa = PBXVariantGroup;
			children = (
				704F7CCB197FA89C00CEFE37 /* en */,
			);
			name = InfoPlist.strings;
			sourceTree = "<group>";
		};
		704F7CE3197FA89C00CEFE37 /* InfoPlist.strings */ = {
			isa = PBXVariantGroup;
			children = (
				704F7CE4197FA89C00CEFE37 /* en */,
			);
			name = InfoPlist.strings;
			sourceTree = "<group>";
		};
/* End PBXVariantGroup section */

/* Begin XCBuildConfiguration section */
		704F7CE8197FA89C00CEFE37 /* Debug */ = {
			isa = XCBuildConfiguration;
			buildSettings = {
				ALWAYS_SEARCH_USER_PATHS = NO;
				CLANG_CXX_LANGUAGE_STANDARD = "gnu++0x";
				CLANG_CXX_LIBRARY = "libc++";
				CLANG_ENABLE_MODULES = YES;
				CLANG_ENABLE_OBJC_ARC = YES;
				CLANG_WARN_BOOL_CONVERSION = YES;
				CLANG_WARN_CONSTANT_CONVERSION = YES;
				CLANG_WARN_DIRECT_OBJC_ISA_USAGE = YES_ERROR;
				CLANG_WARN_EMPTY_BODY = YES;
				CLANG_WARN_ENUM_CONVERSION = YES;
				CLANG_WARN_INT_CONVERSION = YES;
				CLANG_WARN_OBJC_ROOT_CLASS = YES_ERROR;
				CLANG_WARN__DUPLICATE_METHOD_MATCH = YES;
				"CODE_SIGN_IDENTITY[sdk=iphoneos*]" = "iPhone Developer";
				COPY_PHASE_STRIP = NO;
				GCC_C_LANGUAGE_STANDARD = gnu99;
				GCC_DYNAMIC_NO_PIC = NO;
				GCC_OPTIMIZATION_LEVEL = 0;
				GCC_PREPROCESSOR_DEFINITIONS = (
					"DEBUG=1",
					"$(inherited)",
				);
				GCC_SYMBOLS_PRIVATE_EXTERN = NO;
				GCC_WARN_64_TO_32_BIT_CONVERSION = YES;
				GCC_WARN_ABOUT_RETURN_TYPE = YES_ERROR;
				GCC_WARN_UNDECLARED_SELECTOR = YES;
				GCC_WARN_UNINITIALIZED_AUTOS = YES_AGGRESSIVE;
				GCC_WARN_UNUSED_FUNCTION = YES;
				GCC_WARN_UNUSED_VARIABLE = YES;
				IPHONEOS_DEPLOYMENT_TARGET = 7.1;
				ONLY_ACTIVE_ARCH = YES;
				SDKROOT = iphoneos;
				TARGETED_DEVICE_FAMILY = "1,2";
			};
			name = Debug;
		};
		704F7CE9197FA89C00CEFE37 /* Release */ = {
			isa = XCBuildConfiguration;
			buildSettings = {
				ALWAYS_SEARCH_USER_PATHS = NO;
				CLANG_CXX_LANGUAGE_STANDARD = "gnu++0x";
				CLANG_CXX_LIBRARY = "libc++";
				CLANG_ENABLE_MODULES = YES;
				CLANG_ENABLE_OBJC_ARC = YES;
				CLANG_WARN_BOOL_CONVERSION = YES;
				CLANG_WARN_CONSTANT_CONVERSION = YES;
				CLANG_WARN_DIRECT_OBJC_ISA_USAGE = YES_ERROR;
				CLANG_WARN_EMPTY_BODY = YES;
				CLANG_WARN_ENUM_CONVERSION = YES;
				CLANG_WARN_INT_CONVERSION = YES;
				CLANG_WARN_OBJC_ROOT_CLASS = YES_ERROR;
				CLANG_WARN__DUPLICATE_METHOD_MATCH = YES;
				"CODE_SIGN_IDENTITY[sdk=iphoneos*]" = "iPhone Developer";
				COPY_PHASE_STRIP = YES;
				ENABLE_NS_ASSERTIONS = NO;
				GCC_C_LANGUAGE_STANDARD = gnu99;
				GCC_WARN_64_TO_32_BIT_CONVERSION = YES;
				GCC_WARN_ABOUT_RETURN_TYPE = YES_ERROR;
				GCC_WARN_UNDECLARED_SELECTOR = YES;
				GCC_WARN_UNINITIALIZED_AUTOS = YES_AGGRESSIVE;
				GCC_WARN_UNUSED_FUNCTION = YES;
				GCC_WARN_UNUSED_VARIABLE = YES;
				IPHONEOS_DEPLOYMENT_TARGET = 7.1;
				SDKROOT = iphoneos;
				TARGETED_DEVICE_FAMILY = "1,2";
				VALIDATE_PRODUCT = YES;
			};
			name = Release;
		};
		704F7CEB197FA89C00CEFE37 /* Debug */ = {
			isa = XCBuildConfiguration;
			buildSettings = {
				ASSETCATALOG_COMPILER_APPICON_NAME = AppIcon;
				ASSETCATALOG_COMPILER_LAUNCHIMAGE_NAME = LaunchImage;
				GCC_PRECOMPILE_PREFIX_HEADER = YES;
				GCC_PREFIX_HEADER = "YangdcDemos/YangdcDemos-Prefix.pch";
				INFOPLIST_FILE = "YangdcDemos/YangdcDemos-Info.plist";
				PRODUCT_NAME = "$(TARGET_NAME)";
				WRAPPER_EXTENSION = app;
			};
			name = Debug;
		};
		704F7CEC197FA89C00CEFE37 /* Release */ = {
			isa = XCBuildConfiguration;
			buildSettings = {
				ASSETCATALOG_COMPILER_APPICON_NAME = AppIcon;
				ASSETCATALOG_COMPILER_LAUNCHIMAGE_NAME = LaunchImage;
				GCC_PRECOMPILE_PREFIX_HEADER = YES;
				GCC_PREFIX_HEADER = "YangdcDemos/YangdcDemos-Prefix.pch";
				INFOPLIST_FILE = "YangdcDemos/YangdcDemos-Info.plist";
				PRODUCT_NAME = "$(TARGET_NAME)";
				WRAPPER_EXTENSION = app;
			};
			name = Release;
		};
		704F7CEE197FA89C00CEFE37 /* Debug */ = {
			isa = XCBuildConfiguration;
			buildSettings = {
				BUNDLE_LOADER = "$(BUILT_PRODUCTS_DIR)/YangdcDemos.app/YangdcDemos";
				FRAMEWORK_SEARCH_PATHS = (
					"$(SDKROOT)/Developer/Library/Frameworks",
					"$(inherited)",
					"$(DEVELOPER_FRAMEWORKS_DIR)",
				);
				GCC_PRECOMPILE_PREFIX_HEADER = YES;
				GCC_PREFIX_HEADER = "YangdcDemos/YangdcDemos-Prefix.pch";
				GCC_PREPROCESSOR_DEFINITIONS = (
					"DEBUG=1",
					"$(inherited)",
				);
				INFOPLIST_FILE = "YangdcDemosTests/YangdcDemosTests-Info.plist";
				PRODUCT_NAME = "$(TARGET_NAME)";
				TEST_HOST = "$(BUNDLE_LOADER)";
				WRAPPER_EXTENSION = xctest;
			};
			name = Debug;
		};
		704F7CEF197FA89C00CEFE37 /* Release */ = {
			isa = XCBuildConfiguration;
			buildSettings = {
				BUNDLE_LOADER = "$(BUILT_PRODUCTS_DIR)/YangdcDemos.app/YangdcDemos";
				FRAMEWORK_SEARCH_PATHS = (
					"$(SDKROOT)/Developer/Library/Frameworks",
					"$(inherited)",
					"$(DEVELOPER_FRAMEWORKS_DIR)",
				);
				GCC_PRECOMPILE_PREFIX_HEADER = YES;
				GCC_PREFIX_HEADER = "YangdcDemos/YangdcDemos-Prefix.pch";
				INFOPLIST_FILE = "YangdcDemosTests/YangdcDemosTests-Info.plist";
				PRODUCT_NAME = "$(TARGET_NAME)";
				TEST_HOST = "$(BUNDLE_LOADER)";
				WRAPPER_EXTENSION = xctest;
			};
			name = Release;
		};
/* End XCBuildConfiguration section */

/* Begin XCConfigurationList section */
		704F7CB9197FA89C00CEFE37 /* Build configuration list for PBXProject "YangdcDemos" */ = {
			isa = XCConfigurationList;
			buildConfigurations = (
				704F7CE8197FA89C00CEFE37 /* Debug */,
				704F7CE9197FA89C00CEFE37 /* Release */,
			);
			defaultConfigurationIsVisible = 0;
			defaultConfigurationName = Release;
		};
		704F7CEA197FA89C00CEFE37 /* Build configuration list for PBXNativeTarget "YangdcDemos" */ = {
			isa = XCConfigurationList;
			buildConfigurations = (
				704F7CEB197FA89C00CEFE37 /* Debug */,
				704F7CEC197FA89C00CEFE37 /* Release */,
			);
			defaultConfigurationIsVisible = 0;
			defaultConfigurationName = Release;
		};
		704F7CED197FA89C00CEFE37 /* Build configuration list for PBXNativeTarget "YangdcDemosTests" */ = {
			isa = XCConfigurationList;
			buildConfigurations = (
				704F7CEE197FA89C00CEFE37 /* Debug */,
				704F7CEF197FA89C00CEFE37 /* Release */,
			);
			defaultConfigurationIsVisible = 0;
			defaultConfigurationName = Release;
		};
/* End XCConfigurationList section */

/* Begin XCVersionGroup section */
		703A7B45198F290D00E6ACFD /* Model.xcdatamodeld */ = {
			isa = XCVersionGroup;
			children = (
				703A7B46198F290D00E6ACFD /* Model.xcdatamodel */,
			);
			currentVersion = 703A7B46198F290D00E6ACFD /* Model.xcdatamodel */;
			path = Model.xcdatamodeld;
			sourceTree = "<group>";
			versionGroupType = wrapper.xcdatamodel;
		};
/* End XCVersionGroup section */
	};
	rootObject = 704F7CB6197FA89C00CEFE37 /* Project object */;
}
